// !$*UTF8*$!
{
	archiveVersion = 1;
	classes = {
	};
	objectVersion = 46;
	objects = {

/* Begin PBXBuildFile section */
		961B12181C33703500BCEAAC /* AppDelegate.swift in Sources */ = {isa = PBXBuildFile; fileRef = 961B12171C33703500BCEAAC /* AppDelegate.swift */; };
		961B121A1C33703500BCEAAC /* ViewController.swift in Sources */ = {isa = PBXBuildFile; fileRef = 961B12191C33703500BCEAAC /* ViewController.swift */; };
		961B121D1C33703500BCEAAC /* Main.storyboard in Resources */ = {isa = PBXBuildFile; fileRef = 961B121B1C33703500BCEAAC /* Main.storyboard */; };
		961B121F1C33703500BCEAAC /* Assets.xcassets in Resources */ = {isa = PBXBuildFile; fileRef = 961B121E1C33703500BCEAAC /* Assets.xcassets */; };
		961B12221C33703500BCEAAC /* LaunchScreen.storyboard in Resources */ = {isa = PBXBuildFile; fileRef = 961B12201C33703500BCEAAC /* LaunchScreen.storyboard */; };
		961B122D1C33703500BCEAAC /* _1_____Tests.swift in Sources */ = {isa = PBXBuildFile; fileRef = 961B122C1C33703500BCEAAC /* _1_____Tests.swift */; };
		961B12381C33703500BCEAAC /* _1_____UITests.swift in Sources */ = {isa = PBXBuildFile; fileRef = 961B12371C33703500BCEAAC /* _1_____UITests.swift */; };
		961B12481C3371DE00BCEAAC /* HMPieView.swift in Sources */ = {isa = PBXBuildFile; fileRef = 961B12461C3371DE00BCEAAC /* HMPieView.swift */; };
		961B12491C3371DE00BCEAAC /* UIColor+Random.swift in Sources */ = {isa = PBXBuildFile; fileRef = 961B12471C3371DE00BCEAAC /* UIColor+Random.swift */; };
		961B124B1C33720B00BCEAAC /* HMBarView.swift in Sources */ = {isa = PBXBuildFile; fileRef = 961B124A1C33720B00BCEAAC /* HMBarView.swift */; };
		961B124D1C33724D00BCEAAC /* HMdrawPicTextview.swift in Sources */ = {isa = PBXBuildFile; fileRef = 961B124C1C33724D00BCEAAC /* HMdrawPicTextview.swift */; };
		961B12521C337A6900BCEAAC /* 矩阵移动缩放.swift in Sources */ = {isa = PBXBuildFile; fileRef = 961B124E1C337A6900BCEAAC /* 矩阵移动缩放.swift */; };
		961B12531C337A6900BCEAAC /* HMImgeView.swift in Sources */ = {isa = PBXBuildFile; fileRef = 961B124F1C337A6900BCEAAC /* HMImgeView.swift */; };
		961B12541C337A6900BCEAAC /* HMxuehua.swift in Sources */ = {isa = PBXBuildFile; fileRef = 961B12501C337A6900BCEAAC /* HMxuehua.swift */; };
		961B12551C337A6900BCEAAC /* zhanding.swift in Sources */ = {isa = PBXBuildFile; fileRef = 961B12511C337A6900BCEAAC /* zhanding.swift */; };
/* End PBXBuildFile section */

/* Begin PBXContainerItemProxy section */
		961B12291C33703500BCEAAC /* PBXContainerItemProxy */ = {
			isa = PBXContainerItemProxy;
			containerPortal = 961B120C1C33703500BCEAAC /* Project object */;
			proxyType = 1;
			remoteGlobalIDString = 961B12131C33703500BCEAAC;
			remoteInfo = "01-核心动画";
		};
		961B12341C33703500BCEAAC /* PBXContainerItemProxy */ = {
			isa = PBXContainerItemProxy;
			containerPortal = 961B120C1C33703500BCEAAC /* Project object */;
			proxyType = 1;
			remoteGlobalIDString = 961B12131C33703500BCEAAC;
			remoteInfo = "01-核心动画";
		};
/* End PBXContainerItemProxy section */

/* Begin PBXFileReference section */
		961B12141C33703500BCEAAC /* 01-核心动画.app */ = {isa = PBXFileReference; explicitFileType = wrapper.application; includeInIndex = 0; path = "01-核心动画.app"; sourceTree = BUILT_PRODUCTS_DIR; };
		961B12171C33703500BCEAAC /* AppDelegate.swift */ = {isa = PBXFileReference; lastKnownFileType = sourcecode.swift; path = AppDelegate.swift; sourceTree = "<group>"; };
		961B12191C33703500BCEAAC /* ViewController.swift */ = {isa = PBXFileReference; lastKnownFileType = sourcecode.swift; path = ViewController.swift; sourceTree = "<group>"; };
		961B121C1C33703500BCEAAC /* Base */ = {isa = PBXFileReference; lastKnownFileType = file.storyboard; name = Base; path = Base.lproj/Main.storyboard; sourceTree = "<group>"; };
		961B121E1C33703500BCEAAC /* Assets.xcassets */ = {isa = PBXFileReference; lastKnownFileType = folder.assetcatalog; path = Assets.xcassets; sourceTree = "<group>"; };
		961B12211C33703500BCEAAC /* Base */ = {isa = PBXFileReference; lastKnownFileType = file.storyboard; name = Base; path = Base.lproj/LaunchScreen.storyboard; sourceTree = "<group>"; };
		961B12231C33703500BCEAAC /* Info.plist */ = {isa = PBXFileReference; lastKnownFileType = text.plist.xml; path = Info.plist; sourceTree = "<group>"; };
		961B12281C33703500BCEAAC /* 01-核心动画Tests.xctest */ = {isa = PBXFileReference; explicitFileType = wrapper.cfbundle; includeInIndex = 0; path = "01-核心动画Tests.xctest"; sourceTree = BUILT_PRODUCTS_DIR; };
		961B122C1C33703500BCEAAC /* _1_____Tests.swift */ = {isa = PBXFileReference; lastKnownFileType = sourcecode.swift; path = "_1_____Tests.swift"; sourceTree = "<group>"; };
		961B122E1C33703500BCEAAC /* Info.plist */ = {isa = PBXFileReference; lastKnownFileType = text.plist.xml; path = Info.plist; sourceTree = "<group>"; };
		961B12331C33703500BCEAAC /* 01-核心动画UITests.xctest */ = {isa = PBXFileReference; explicitFileType = wrapper.cfbundle; includeInIndex = 0; path = "01-核心动画UITests.xctest"; sourceTree = BUILT_PRODUCTS_DIR; };
		961B12371C33703500BCEAAC /* _1_____UITests.swift */ = {isa = PBXFileReference; lastKnownFileType = sourcecode.swift; path = "_1_____UITests.swift"; sourceTree = "<group>"; };
		961B12391C33703500BCEAAC /* Info.plist */ = {isa = PBXFileReference; lastKnownFileType = text.plist.xml; path = Info.plist; sourceTree = "<group>"; };
		961B12461C3371DE00BCEAAC /* HMPieView.swift */ = {isa = PBXFileReference; fileEncoding = 4; lastKnownFileType = sourcecode.swift; path = HMPieView.swift; sourceTree = "<group>"; };
		961B12471C3371DE00BCEAAC /* UIColor+Random.swift */ = {isa = PBXFileReference; fileEncoding = 4; lastKnownFileType = sourcecode.swift; path = "UIColor+Random.swift"; sourceTree = "<group>"; };
		961B124A1C33720B00BCEAAC /* HMBarView.swift */ = {isa = PBXFileReference; fileEncoding = 4; lastKnownFileType = sourcecode.swift; path = HMBarView.swift; sourceTree = "<group>"; };
		961B124C1C33724D00BCEAAC /* HMdrawPicTextview.swift */ = {isa = PBXFileReference; fileEncoding = 4; lastKnownFileType = sourcecode.swift; path = HMdrawPicTextview.swift; sourceTree = "<group>"; };
		961B124E1C337A6900BCEAAC /* 矩阵移动缩放.swift */ = {isa = PBXFileReference; fileEncoding = 4; lastKnownFileType = sourcecode.swift; path = "矩阵移动缩放.swift"; sourceTree = "<group>"; };
		961B124F1C337A6900BCEAAC /* HMImgeView.swift */ = {isa = PBXFileReference; fileEncoding = 4; lastKnownFileType = sourcecode.swift; path = HMImgeView.swift; sourceTree = "<group>"; };
		961B12501C337A6900BCEAAC /* HMxuehua.swift */ = {isa = PBXFileReference; fileEncoding = 4; lastKnownFileType = sourcecode.swift; path = HMxuehua.swift; sourceTree = "<group>"; };
		961B12511C337A6900BCEAAC /* zhanding.swift */ = {isa = PBXFileReference; fileEncoding = 4; lastKnownFileType = sourcecode.swift; path = zhanding.swift; sourceTree = "<group>"; };
/* End PBXFileReference section */

/* Begin PBXFrameworksBuildPhase section */
		961B12111C33703500BCEAAC /* Frameworks */ = {
			isa = PBXFrameworksBuildPhase;
			buildActionMask = 2147483647;
			files = (
			);
			runOnlyForDeploymentPostprocessing = 0;
		};
		961B12251C33703500BCEAAC /* Frameworks */ = {
			isa = PBXFrameworksBuildPhase;
			buildActionMask = 2147483647;
			files = (
			);
			runOnlyForDeploymentPostprocessing = 0;
		};
		961B12301C33703500BCEAAC /* Frameworks */ = {
			isa = PBXFrameworksBuildPhase;
			buildActionMask = 2147483647;
			files = (
			);
			runOnlyForDeploymentPostprocessing = 0;
		};
/* End PBXFrameworksBuildPhase section */

/* Begin PBXGroup section */
		961B120B1C33703500BCEAAC = {
			isa = PBXGroup;
			children = (
				961B12161C33703500BCEAAC /* 01-核心动画 */,
				961B122B1C33703500BCEAAC /* 01-核心动画Tests */,
				961B12361C33703500BCEAAC /* 01-核心动画UITests */,
				961B12151C33703500BCEAAC /* Products */,
			);
			sourceTree = "<group>";
		};
		961B12151C33703500BCEAAC /* Products */ = {
			isa = PBXGroup;
			children = (
				961B12141C33703500BCEAAC /* 01-核心动画.app */,
				961B12281C33703500BCEAAC /* 01-核心动画Tests.xctest */,
				961B12331C33703500BCEAAC /* 01-核心动画UITests.xctest */,
			);
			name = Products;
			sourceTree = "<group>";
		};
		961B12161C33703500BCEAAC /* 01-核心动画 */ = {
			isa = PBXGroup;
			children = (
				961B12571C3385B200BCEAAC /* 麦子学院-IOS动画编程 */,
				961B12171C33703500BCEAAC /* AppDelegate.swift */,
				961B12451C33719600BCEAAC /* 动画view */,
				961B12191C33703500BCEAAC /* ViewController.swift */,
				961B121B1C33703500BCEAAC /* Main.storyboard */,
				961B121E1C33703500BCEAAC /* Assets.xcassets */,
				961B12201C33703500BCEAAC /* LaunchScreen.storyboard */,
				961B12231C33703500BCEAAC /* Info.plist */,
			);
			path = "01-核心动画";
			sourceTree = "<group>";
		};
		961B122B1C33703500BCEAAC /* 01-核心动画Tests */ = {
			isa = PBXGroup;
			children = (
				961B122C1C33703500BCEAAC /* _1_____Tests.swift */,
				961B122E1C33703500BCEAAC /* Info.plist */,
			);
			path = "01-核心动画Tests";
			sourceTree = "<group>";
		};
		961B12361C33703500BCEAAC /* 01-核心动画UITests */ = {
			isa = PBXGroup;
			children = (
				961B12371C33703500BCEAAC /* _1_____UITests.swift */,
				961B12391C33703500BCEAAC /* Info.plist */,
			);
			path = "01-核心动画UITests";
			sourceTree = "<group>";
		};
		961B12451C33719600BCEAAC /* 动画view */ = {
			isa = PBXGroup;
			children = (
				961B124C1C33724D00BCEAAC /* HMdrawPicTextview.swift */,
				961B12461C3371DE00BCEAAC /* HMPieView.swift */,
				961B124A1C33720B00BCEAAC /* HMBarView.swift */,
				961B124E1C337A6900BCEAAC /* 矩阵移动缩放.swift */,
				961B124F1C337A6900BCEAAC /* HMImgeView.swift */,
				961B12501C337A6900BCEAAC /* HMxuehua.swift */,
				961B12511C337A6900BCEAAC /* zhanding.swift */,
				961B12471C3371DE00BCEAAC /* UIColor+Random.swift */,
			);
			path = "动画view";
			sourceTree = "<group>";
		};
		961B12571C3385B200BCEAAC /* 麦子学院-IOS动画编程 */ = {
			isa = PBXGroup;
			children = (
			);
			path = "麦子学院-IOS动画编程";
			sourceTree = "<group>";
		};
/* End PBXGroup section */

/* Begin PBXNativeTarget section */
		961B12131C33703500BCEAAC /* 01-核心动画 */ = {
			isa = PBXNativeTarget;
			buildConfigurationList = 961B123C1C33703500BCEAAC /* Build configuration list for PBXNativeTarget "01-核心动画" */;
			buildPhases = (
				961B12101C33703500BCEAAC /* Sources */,
				961B12111C33703500BCEAAC /* Frameworks */,
				961B12121C33703500BCEAAC /* Resources */,
			);
			buildRules = (
			);
			dependencies = (
			);
			name = "01-核心动画";
			productName = "01-核心动画";
			productReference = 961B12141C33703500BCEAAC /* 01-核心动画.app */;
			productType = "com.apple.product-type.application";
		};
		961B12271C33703500BCEAAC /* 01-核心动画Tests */ = {
			isa = PBXNativeTarget;
			buildConfigurationList = 961B123F1C33703500BCEAAC /* Build configuration list for PBXNativeTarget "01-核心动画Tests" */;
			buildPhases = (
				961B12241C33703500BCEAAC /* Sources */,
				961B12251C33703500BCEAAC /* Frameworks */,
				961B12261C33703500BCEAAC /* Resources */,
			);
			buildRules = (
			);
			dependencies = (
				961B122A1C33703500BCEAAC /* PBXTargetDependency */,
			);
			name = "01-核心动画Tests";
			productName = "01-核心动画Tests";
			productReference = 961B12281C33703500BCEAAC /* 01-核心动画Tests.xctest */;
			productType = "com.apple.product-type.bundle.unit-test";
		};
		961B12321C33703500BCEAAC /* 01-核心动画UITests */ = {
			isa = PBXNativeTarget;
			buildConfigurationList = 961B12421C33703500BCEAAC /* Build configuration list for PBXNativeTarget "01-核心动画UITests" */;
			buildPhases = (
				961B122F1C33703500BCEAAC /* Sources */,
				961B12301C33703500BCEAAC /* Frameworks */,
				961B12311C33703500BCEAAC /* Resources */,
			);
			buildRules = (
			);
			dependencies = (
				961B12351C33703500BCEAAC /* PBXTargetDependency */,
			);
			name = "01-核心动画UITests";
			productName = "01-核心动画UITests";
			productReference = 961B12331C33703500BCEAAC /* 01-核心动画UITests.xctest */;
			productType = "com.apple.product-type.bundle.ui-testing";
		};
/* End PBXNativeTarget section */

/* Begin PBXProject section */
		961B120C1C33703500BCEAAC /* Project object */ = {
			isa = PBXProject;
			attributes = {
				LastSwiftUpdateCheck = 0710;
				LastUpgradeCheck = 0710;
				ORGANIZATIONNAME = sijichcai;
				TargetAttributes = {
					961B12131C33703500BCEAAC = {
						CreatedOnToolsVersion = 7.1.1;
					};
					961B12271C33703500BCEAAC = {
						CreatedOnToolsVersion = 7.1.1;
						TestTargetID = 961B12131C33703500BCEAAC;
					};
					961B12321C33703500BCEAAC = {
						CreatedOnToolsVersion = 7.1.1;
						TestTargetID = 961B12131C33703500BCEAAC;
					};
				};
			};
			buildConfigurationList = 961B120F1C33703500BCEAAC /* Build configuration list for PBXProject "01-核心动画" */;
			compatibilityVersion = "Xcode 3.2";
			developmentRegion = English;
			hasScannedForEncodings = 0;
			knownRegions = (
				en,
				Base,
			);
			mainGroup = 961B120B1C33703500BCEAAC;
			productRefGroup = 961B12151C33703500BCEAAC /* Products */;
			projectDirPath = "";
			projectRoot = "";
			targets = (
				961B12131C33703500BCEAAC /* 01-核心动画 */,
				961B12271C33703500BCEAAC /* 01-核心动画Tests */,
				961B12321C33703500BCEAAC /* 01-核心动画UITests */,
			);
		};
/* End PBXProject section */

/* Begin PBXResourcesBuildPhase section */
		961B12121C33703500BCEAAC /* Resources */ = {
			isa = PBXResourcesBuildPhase;
			buildActionMask = 2147483647;
			files = (
				961B12221C33703500BCEAAC /* LaunchScreen.storyboard in Resources */,
				961B121F1C33703500BCEAAC /* Assets.xcassets in Resources */,
				961B121D1C33703500BCEAAC /* Main.storyboard in Resources */,
			);
			runOnlyForDeploymentPostprocessing = 0;
		};
		961B12261C33703500BCEAAC /* Resources */ = {
			isa = PBXResourcesBuildPhase;
			buildActionMask = 2147483647;
			files = (
			);
			runOnlyForDeploymentPostprocessing = 0;
		};
		961B12311C33703500BCEAAC /* Resources */ = {
			isa = PBXResourcesBuildPhase;
			buildActionMask = 2147483647;
			files = (
			);
			runOnlyForDeploymentPostprocessing = 0;
		};
/* End PBXResourcesBuildPhase section */

/* Begin PBXSourcesBuildPhase section */
		961B12101C33703500BCEAAC /* Sources */ = {
			isa = PBXSourcesBuildPhase;
			buildActionMask = 2147483647;
			files = (
				961B12521C337A6900BCEAAC /* 矩阵移动缩放.swift in Sources */,
				961B12491C3371DE00BCEAAC /* UIColor+Random.swift in Sources */,
				961B12481C3371DE00BCEAAC /* HMPieView.swift in Sources */,
				961B124B1C33720B00BCEAAC /* HMBarView.swift in Sources */,
				961B124D1C33724D00BCEAAC /* HMdrawPicTextview.swift in Sources */,
				961B12531C337A6900BCEAAC /* HMImgeView.swift in Sources */,
				961B12551C337A6900BCEAAC /* zhanding.swift in Sources */,
				961B121A1C33703500BCEAAC /* ViewController.swift in Sources */,
				961B12541C337A6900BCEAAC /* HMxuehua.swift in Sources */,
				961B12181C33703500BCEAAC /* AppDelegate.swift in Sources */,
			);
			runOnlyForDeploymentPostprocessing = 0;
		};
		961B12241C33703500BCEAAC /* Sources */ = {
			isa = PBXSourcesBuildPhase;
			buildActionMask = 2147483647;
			files = (
				961B122D1C33703500BCEAAC /* _1_____Tests.swift in Sources */,
			);
			runOnlyForDeploymentPostprocessing = 0;
		};
		961B122F1C33703500BCEAAC /* Sources */ = {
			isa = PBXSourcesBuildPhase;
			buildActionMask = 2147483647;
			files = (
				961B12381C33703500BCEAAC /* _1_____UITests.swift in Sources */,
			);
			runOnlyForDeploymentPostprocessing = 0;
		};
/* End PBXSourcesBuildPhase section */

/* Begin PBXTargetDependency section */
		961B122A1C33703500BCEAAC /* PBXTargetDependency */ = {
			isa = PBXTargetDependency;
			target = 961B12131C33703500BCEAAC /* 01-核心动画 */;
			targetProxy = 961B12291C33703500BCEAAC /* PBXContainerItemProxy */;
		};
		961B12351C33703500BCEAAC /* PBXTargetDependency */ = {
			isa = PBXTargetDependency;
			target = 961B12131C33703500BCEAAC /* 01-核心动画 */;
			targetProxy = 961B12341C33703500BCEAAC /* PBXContainerItemProxy */;
		};
/* End PBXTargetDependency section */

/* Begin PBXVariantGroup section */
		961B121B1C33703500BCEAAC /* Main.storyboard */ = {
			isa = PBXVariantGroup;
			children = (
				961B121C1C33703500BCEAAC /* Base */,
			);
			name = Main.storyboard;
			sourceTree = "<group>";
		};
		961B12201C33703500BCEAAC /* LaunchScreen.storyboard */ = {
			isa = PBXVariantGroup;
			children = (
				961B12211C33703500BCEAAC /* Base */,
			);
			name = LaunchScreen.storyboard;
			sourceTree = "<group>";
		};
/* End PBXVariantGroup section */

/* Begin XCBuildConfiguration section */
		961B123A1C33703500BCEAAC /* Debug */ = {
			isa = XCBuildConfiguration;
			buildSettings = {
				ALWAYS_SEARCH_USER_PATHS = NO;
				CLANG_CXX_LANGUAGE_STANDARD = "gnu++0x";
				CLANG_CXX_LIBRARY = "libc++";
				CLANG_ENABLE_MODULES = YES;
				CLANG_ENABLE_OBJC_ARC = YES;
				CLANG_WARN_BOOL_CONVERSION = YES;
				CLANG_WARN_CONSTANT_CONVERSION = YES;
				CLANG_WARN_DIRECT_OBJC_ISA_USAGE = YES_ERROR;
				CLANG_WARN_EMPTY_BODY = YES;
				CLANG_WARN_ENUM_CONVERSION = YES;
				CLANG_WARN_INT_CONVERSION = YES;
				CLANG_WARN_OBJC_ROOT_CLASS = YES_ERROR;
				CLANG_WARN_UNREACHABLE_CODE = YES;
				CLANG_WARN__DUPLICATE_METHOD_MATCH = YES;
				"CODE_SIGN_IDENTITY[sdk=iphoneos*]" = "iPhone Developer";
				COPY_PHASE_STRIP = NO;
				DEBUG_INFORMATION_FORMAT = dwarf;
				ENABLE_STRICT_OBJC_MSGSEND = YES;
				ENABLE_TESTABILITY = YES;
				GCC_C_LANGUAGE_STANDARD = gnu99;
				GCC_DYNAMIC_NO_PIC = NO;
				GCC_NO_COMMON_BLOCKS = YES;
				GCC_OPTIMIZATION_LEVEL = 0;
				GCC_PREPROCESSOR_DEFINITIONS = (
					"DEBUG=1",
					"$(inherited)",
				);
				GCC_WARN_64_TO_32_BIT_CONVERSION = YES;
				GCC_WARN_ABOUT_RETURN_TYPE = YES_ERROR;
				GCC_WARN_UNDECLARED_SELECTOR = YES;
				GCC_WARN_UNINITIALIZED_AUTOS = YES_AGGRESSIVE;
				GCC_WARN_UNUSED_FUNCTION = YES;
				GCC_WARN_UNUSED_VARIABLE = YES;
				IPHONEOS_DEPLOYMENT_TARGET = 9.1;
				MTL_ENABLE_DEBUG_INFO = YES;
				ONLY_ACTIVE_ARCH = YES;
				SDKROOT = iphoneos;
				SWIFT_OPTIMIZATION_LEVEL = "-Onone";
				TARGETED_DEVICE_FAMILY = "1,2";
			};
			name = Debug;
		};
		961B123B1C33703500BCEAAC /* Release */ = {
			isa = XCBuildConfiguration;
			buildSettings = {
				ALWAYS_SEARCH_USER_PATHS = NO;
				CLANG_CXX_LANGUAGE_STANDARD = "gnu++0x";
				CLANG_CXX_LIBRARY = "libc++";
				CLANG_ENABLE_MODULES = YES;
				CLANG_ENABLE_OBJC_ARC = YES;
				CLANG_WARN_BOOL_CONVERSION = YES;
				CLANG_WARN_CONSTANT_CONVERSION = YES;
				CLANG_WARN_DIRECT_OBJC_ISA_USAGE = YES_ERROR;
				CLANG_WARN_EMPTY_BODY = YES;
				CLANG_WARN_ENUM_CONVERSION = YES;
				CLANG_WARN_INT_CONVERSION = YES;
				CLANG_WARN_OBJC_ROOT_CLASS = YES_ERROR;
				CLANG_WARN_UNREACHABLE_CODE = YES;
				CLANG_WARN__DUPLICATE_METHOD_MATCH = YES;
				"CODE_SIGN_IDENTITY[sdk=iphoneos*]" = "iPhone Developer";
				COPY_PHASE_STRIP = NO;
				DEBUG_INFORMATION_FORMAT = "dwarf-with-dsym";
				ENABLE_NS_ASSERTIONS = NO;
				ENABLE_STRICT_OBJC_MSGSEND = YES;
				GCC_C_LANGUAGE_STANDARD = gnu99;
				GCC_NO_COMMON_BLOCKS = YES;
				GCC_WARN_64_TO_32_BIT_CONVERSION = YES;
				GCC_WARN_ABOUT_RETURN_TYPE = YES_ERROR;
				GCC_WARN_UNDECLARED_SELECTOR = YES;
				GCC_WARN_UNINITIALIZED_AUTOS = YES_AGGRESSIVE;
				GCC_WARN_UNUSED_FUNCTION = YES;
				GCC_WARN_UNUSED_VARIABLE = YES;
				IPHONEOS_DEPLOYMENT_TARGET = 9.1;
				MTL_ENABLE_DEBUG_INFO = NO;
				SDKROOT = iphoneos;
				TARGETED_DEVICE_FAMILY = "1,2";
				VALIDATE_PRODUCT = YES;
			};
			name = Release;
		};
		961B123D1C33703500BCEAAC /* Debug */ = {
			isa = XCBuildConfiguration;
			buildSettings = {
				ASSETCATALOG_COMPILER_APPICON_NAME = AppIcon;
				INFOPLIST_FILE = "01-核心动画/Info.plist";
				LD_RUNPATH_SEARCH_PATHS = "$(inherited) @executable_path/Frameworks";
				PRODUCT_BUNDLE_IDENTIFIER = "swift.-1-----";
				PRODUCT_NAME = "$(TARGET_NAME)";
			};
			name = Debug;
		};
		961B123E1C33703500BCEAAC /* Release */ = {
			isa = XCBuildConfiguration;
			buildSettings = {
				ASSETCATALOG_COMPILER_APPICON_NAME = AppIcon;
				INFOPLIST_FILE = "01-核心动画/Info.plist";
				LD_RUNPATH_SEARCH_PATHS = "$(inherited) @executable_path/Frameworks";
				PRODUCT_BUNDLE_IDENTIFIER = "swift.-1-----";
				PRODUCT_NAME = "$(TARGET_NAME)";
			};
			name = Release;
		};
		961B12401C33703500BCEAAC /* Debug */ = {
			isa = XCBuildConfiguration;
			buildSettings = {
				BUNDLE_LOADER = "$(TEST_HOST)";
				INFOPLIST_FILE = "01-核心动画Tests/Info.plist";
				LD_RUNPATH_SEARCH_PATHS = "$(inherited) @executable_path/Frameworks @loader_path/Frameworks";
				PRODUCT_BUNDLE_IDENTIFIER = "swift.-1-----Tests";
				PRODUCT_NAME = "$(TARGET_NAME)";
				TEST_HOST = "$(BUILT_PRODUCTS_DIR)/01-核心动画.app/01-核心动画";
			};
			name = Debug;
		};
		961B12411C33703500BCEAAC /* Release */ = {
			isa = XCBuildConfiguration;
			buildSettings = {
				BUNDLE_LOADER = "$(TEST_HOST)";
				INFOPLIST_FILE = "01-核心动画Tests/Info.plist";
				LD_RUNPATH_SEARCH_PATHS = "$(inherited) @executable_path/Frameworks @loader_path/Frameworks";
				PRODUCT_BUNDLE_IDENTIFIER = "swift.-1-----Tests";
				PRODUCT_NAME = "$(TARGET_NAME)";
				TEST_HOST = "$(BUILT_PRODUCTS_DIR)/01-核心动画.app/01-核心动画";
			};
			name = Release;
		};
		961B12431C33703500BCEAAC /* Debug */ = {
			isa = XCBuildConfiguration;
			buildSettings = {
				INFOPLIST_FILE = "01-核心动画UITests/Info.plist";
				LD_RUNPATH_SEARCH_PATHS = "$(inherited) @executable_path/Frameworks @loader_path/Frameworks";
				PRODUCT_BUNDLE_IDENTIFIER = "swift.-1-----UITests";
				PRODUCT_NAME = "$(TARGET_NAME)";
				TEST_TARGET_NAME = "01-核心动画";
				USES_XCTRUNNER = YES;
			};
			name = Debug;
		};
		961B12441C33703500BCEAAC /* Release */ = {
			isa = XCBuildConfiguration;
			buildSettings = {
				INFOPLIST_FILE = "01-核心动画UITests/Info.plist";
				LD_RUNPATH_SEARCH_PATHS = "$(inherited) @executable_path/Frameworks @loader_path/Frameworks";
				PRODUCT_BUNDLE_IDENTIFIER = "swift.-1-----UITests";
				PRODUCT_NAME = "$(TARGET_NAME)";
				TEST_TARGET_NAME = "01-核心动画";
				USES_XCTRUNNER = YES;
			};
			name = Release;
		};
/* End XCBuildConfiguration section */

/* Begin XCConfigurationList section */
		961B120F1C33703500BCEAAC /* Build configuration list for PBXProject "01-核心动画" */ = {
			isa = XCConfigurationList;
			buildConfigurations = (
				961B123A1C33703500BCEAAC /* Debug */,
				961B123B1C33703500BCEAAC /* Release */,
			);
			defaultConfigurationIsVisible = 0;
			defaultConfigurationName = Release;
		};
		961B123C1C33703500BCEAAC /* Build configuration list for PBXNativeTarget "01-核心动画" */ = {
			isa = XCConfigurationList;
			buildConfigurations = (
				961B123D1C33703500BCEAAC /* Debug */,
				961B123E1C33703500BCEAAC /* Release */,
			);
			defaultConfigurationIsVisible = 0;
		};
		961B123F1C33703500BCEAAC /* Build configuration list for PBXNativeTarget "01-核心动画Tests" */ = {
			isa = XCConfigurationList;
			buildConfigurations = (
				961B12401C33703500BCEAAC /* Debug */,
				961B12411C33703500BCEAAC /* Release */,
			);
			defaultConfigurationIsVisible = 0;
		};
		961B12421C33703500BCEAAC /* Build configuration list for PBXNativeTarget "01-核心动画UITests" */ = {
			isa = XCConfigurationList;
			buildConfigurations = (
				961B12431C33703500BCEAAC /* Debug */,
				961B12441C33703500BCEAAC /* Release */,
			);
			defaultConfigurationIsVisible = 0;
		};
/* End XCConfigurationList section */
	};
	rootObject = 961B120C1C33703500BCEAAC /* Project object */;
}
